
Microsoft Visual Studio Solution File, Format Version 12.00
# Visual Studio Version 16
VisualStudioVersion = 16.0.31424.327
MinimumVisualStudioVersion = 10.0.40219.1
Project("{FAE04EC0-301F-11D3-BF4B-00C04F79EFBC}") = "Laba", "Laba.csproj", "{0FF1A07C-E0EF-4109-BACE-ED35EA94970B}"
EndProject
Global
	GlobalSection(SolutionConfigurationPlatforms) = preSolution
		Debug|Any CPU = Debug|Any CPU
		Release|Any CPU = Release|Any CPU
	EndGlobalSection
	GlobalSection(ProjectConfigurationPlatforms) = postSolution
		{0FF1A07C-E0EF-4109-BACE-ED35EA94970B}.Debug|Any CPU.ActiveCfg = Debug|Any CPU
		{0FF1A07C-E0EF-4109-BACE-ED35EA94970B}.Debug|Any CPU.Build.0 = Debug|Any CPU
		{0FF1A07C-E0EF-4109-BACE-ED35EA94970B}.Release|Any CPU.ActiveCfg = Release|Any CPU
		{0FF1A07C-E0EF-4109-BACE-ED35EA94970B}.Release|Any CPU.Build.0 = Release|Any CPU
	EndGlobalSection
	GlobalSection(SolutionProperties) = preSolution
		HideSolutionNode = FALSE
	EndGlobalSection
	GlobalSection(ExtensibilityGlobals) = postSolution
		SolutionGuid = {16EDBF72-BFB8-41E1-97B3-28351BE7E252}
	EndGlobalSection
EndGlobal
